
Microsoft Visual Studio Solution File, Format Version 12.00
# Visual Studio 15
VisualStudioVersion = 15.0.27130.2036
MinimumVisualStudioVersion = 10.0.40219.1
Project("{FAE04EC0-301F-11D3-BF4B-00C04F79EFBC}") = "MVC-Music-Store", "MVC-Music-Store\MVC-Music-Store.csproj", "{4299CB9F-EBD5-40C8-9B35-BA24C283BB90}"
EndProject
Project("{FAE04EC0-301F-11D3-BF4B-00C04F79EFBC}") = "MVC-Music-Store.Tests", "MVC-Music-Store.Tests\MVC-Music-Store.Tests.csproj", "{8D883E55-9DB8-4843-9456-EF269CAE863F}"
EndProject
Global
	GlobalSection(SolutionConfigurationPlatforms) = preSolution
		Debug|Any CPU = Debug|Any CPU
		Release|Any CPU = Release|Any CPU
	EndGlobalSection
	GlobalSection(ProjectConfigurationPlatforms) = postSolution
		{4299CB9F-EBD5-40C8-9B35-BA24C283BB90}.Debug|Any CPU.ActiveCfg = Debug|Any CPU
		{4299CB9F-EBD5-40C8-9B35-BA24C283BB90}.Debug|Any CPU.Build.0 = Debug|Any CPU
		{4299CB9F-EBD5-40C8-9B35-BA24C283BB90}.Release|Any CPU.ActiveCfg = Release|Any CPU
		{4299CB9F-EBD5-40C8-9B35-BA24C283BB90}.Release|Any CPU.Build.0 = Release|Any CPU
		{8D883E55-9DB8-4843-9456-EF269CAE863F}.Debug|Any CPU.ActiveCfg = Debug|Any CPU
		{8D883E55-9DB8-4843-9456-EF269CAE863F}.Debug|Any CPU.Build.0 = Debug|Any CPU
		{8D883E55-9DB8-4843-9456-EF269CAE863F}.Release|Any CPU.ActiveCfg = Release|Any CPU
		{8D883E55-9DB8-4843-9456-EF269CAE863F}.Release|Any CPU.Build.0 = Release|Any CPU
	EndGlobalSection
	GlobalSection(SolutionProperties) = preSolution
		HideSolutionNode = FALSE
	EndGlobalSection
	GlobalSection(ExtensibilityGlobals) = postSolution
		SolutionGuid = {FF37AE42-2DFE-42B5-9A5E-FBC9F852DCA1}
	EndGlobalSection
EndGlobal
